PODS:
  - GoogleAds-IMA-iOS-SDK (3.6.1)
  - JXVideoAds (0.1.1):
    - JXVideoAds/API (= 0.1.1)
    - JXVideoAds/Common (= 0.1.1)
    - JXVideoAds/GoogleIma (= 0.1.1)
  - JXVideoAds/API (0.1.1):
    - JXVideoAds/Common
    - JXVideoAds/GoogleIma
  - JXVideoAds/Common (0.1.1):
    - JXVideoAds/GoogleIma
  - JXVideoAds/GoogleIma (0.1.1):
    - GoogleAds-IMA-iOS-SDK

DEPENDENCIES:
  - JXVideoAds (from `../`)

SPEC REPOS:
  https://github.com/cocoapods/specs.git:
    - GoogleAds-IMA-iOS-SDK

EXTERNAL SOURCES:
  JXVideoAds:
    :path: "../"

SPEC CHECKSUMS:
  GoogleAds-IMA-iOS-SDK: 5825cb7d5f6004618527828936a077e118da556e
  JXVideoAds: db9174ff7c291938ff642be24a9aeab99cc9ab16

PODFILE CHECKSUM: 728427e45405ce91b09561c12b9b20d36ad00d4e

COCOAPODS: 1.6.1
